
Microsoft Visual Studio Solution File, Format Version 12.00
# Visual Studio 14
VisualStudioVersion = 14.0.23107.0
MinimumVisualStudioVersion = 10.0.40219.1
Project("{F14B399A-7131-4C87-9E4B-1186C45EF12D}") = "HR_Reports", "HR_Reports\HR_Reports.rptproj", "{91223E27-389E-493D-8EBD-CCBB858CAD4E}"
EndProject
Global
	GlobalSection(SolutionConfigurationPlatforms) = preSolution
		Debug|Default = Debug|Default
		DebugLocal|Default = DebugLocal|Default
		Release|Default = Release|Default
	EndGlobalSection
	GlobalSection(ProjectConfigurationPlatforms) = postSolution
		{91223E27-389E-493D-8EBD-CCBB858CAD4E}.Debug|Default.ActiveCfg = Debug
		{91223E27-389E-493D-8EBD-CCBB858CAD4E}.Debug|Default.Build.0 = Debug
		{91223E27-389E-493D-8EBD-CCBB858CAD4E}.Debug|Default.Deploy.0 = Debug
		{91223E27-389E-493D-8EBD-CCBB858CAD4E}.DebugLocal|Default.ActiveCfg = DebugLocal
		{91223E27-389E-493D-8EBD-CCBB858CAD4E}.DebugLocal|Default.Build.0 = DebugLocal
		{91223E27-389E-493D-8EBD-CCBB858CAD4E}.Release|Default.ActiveCfg = Release
		{91223E27-389E-493D-8EBD-CCBB858CAD4E}.Release|Default.Build.0 = Release
		{91223E27-389E-493D-8EBD-CCBB858CAD4E}.Release|Default.Deploy.0 = Release
	EndGlobalSection
	GlobalSection(SolutionProperties) = preSolution
		HideSolutionNode = FALSE
	EndGlobalSection
EndGlobal
